# This file is automatically @generated by Cargo.
# It is not intended for manual editing.
version = 4

[[package]]
name = "airshell"
version = "0.1.0"
dependencies = [
 "networkframework",
]

[[package]]
name = "apple-cf"
version = "0.11.0"
source = "registry+https://github.com/rust-lang/crates.io-index"
checksum = "acc8e8f378f5bbd99f5850a95e55cbfd20e14db63d1eee16a060528cf960876e"
dependencies = [
 "doom-fish-utils",
]

[[package]]
name = "crossbeam-queue"
version = "0.3.14"
source = "registry+https://github.com/rust-lang/crates.io-index"
checksum = "03e8bd762f7479489c70ed6c768ddca99d7296857de437a68dcb2a94365b3fae"
dependencies = [
 "crossbeam-utils",
]

[[package]]
name = "crossbeam-utils"
version = "0.8.23"
source = "registry+https://github.com/rust-lang/crates.io-index"
checksum = "a31eee39dddec8330830986fcd7625edb5a24ec90ea038215273bbc3adb08ac6"

[[package]]
name = "doom-fish-utils"
version = "0.4.1"
source = "registry+https://github.com/rust-lang/crates.io-index"
checksum = "32707dcbfc8b3fd80d134a6d9e63f4f73ab6eece78192f0f213a192f08900c79"
dependencies = [
 "crossbeam-queue",
 "futures-util",
]

[[package]]
name = "futures-core"
version = "0.3.34"
source = "registry+https://github.com/rust-lang/crates.io-index"
checksum = "92d699e522242e69e3003b94ecc1f960f3a5e015aa7c5d7486e65ad01dd94f5e"

[[package]]
name = "futures-task"
version = "0.3.34"
source = "registry+https://github.com/rust-lang/crates.io-index"
checksum = "cd417de3d1d015fc3bfd2b1ea46dfc7bab72ef86f1cc7cc9c78e728b34a6d1fd"

[[package]]
name = "futures-util"
version = "0.3.34"
source = "registry+https://github.com/rust-lang/crates.io-index"
checksum = "0d50a92467f8ba5dd6e3ee5d4bd04d73ab2e4e1c44474a0674821dfce14b79bc"
dependencies = [
 "futures-core",
 "futures-task",
 "pin-project-lite",
]

[[package]]
name = "networkframework"
version = "0.14.0"
source = "git+https://github.com/pplanel/networkframework-rs?branch=airshell#63d72d37eda1ad0d468265f34523cabf3a3a1af5"
dependencies = [
 "apple-cf",
 "doom-fish-utils",
 "zeroize",
]

[[package]]
name = "pin-project-lite"
version = "0.2.17"
source = "registry+https://github.com/rust-lang/crates.io-index"
checksum = "a89322df9ebe1c1578d689c92318e070967d1042b512afbe49518723f4e6d5cd"

[[package]]
name = "zeroize"
version = "1.8.2"
source = "registry+https://github.com/rust-lang/crates.io-index"
checksum = "b97154e67e32c85465826e8bcc1c59429aaaf107c1e4a9e53c8d8ccd5eff88d0"
